
Microsoft Visual Studio Solution File, Format Version 12.00
# Visual Studio 15
VisualStudioVersion = 15.0.26403.7
MinimumVisualStudioVersion = 10.0.40219.1
Project("{8BC9CEB8-8B4A-11D0-8D11-00A0C91BC942}") = "Reid_Nolan_HW8_[Concordance]", "Reid_Nolan_HW8_[Concordance].vcxproj", "{23852E4D-6A91-4231-A879-44CCF7E763C6}"
EndProject
Global
	GlobalSection(SolutionConfigurationPlatforms) = preSolution
		Debug|x64 = Debug|x64
		Debug|x86 = Debug|x86
		Release|x64 = Release|x64
		Release|x86 = Release|x86
	EndGlobalSection
	GlobalSection(ProjectConfigurationPlatforms) = postSolution
		{23852E4D-6A91-4231-A879-44CCF7E763C6}.Debug|x64.ActiveCfg = Debug|x64
		{23852E4D-6A91-4231-A879-44CCF7E763C6}.Debug|x64.Build.0 = Debug|x64
		{23852E4D-6A91-4231-A879-44CCF7E763C6}.Debug|x86.ActiveCfg = Debug|Win32
		{23852E4D-6A91-4231-A879-44CCF7E763C6}.Debug|x86.Build.0 = Debug|Win32
		{23852E4D-6A91-4231-A879-44CCF7E763C6}.Release|x64.ActiveCfg = Release|x64
		{23852E4D-6A91-4231-A879-44CCF7E763C6}.Release|x64.Build.0 = Release|x64
		{23852E4D-6A91-4231-A879-44CCF7E763C6}.Release|x86.ActiveCfg = Release|Win32
		{23852E4D-6A91-4231-A879-44CCF7E763C6}.Release|x86.Build.0 = Release|Win32
	EndGlobalSection
	GlobalSection(SolutionProperties) = preSolution
		HideSolutionNode = FALSE
	EndGlobalSection
	GlobalSection(TeamFoundationVersionControl) = preSolution
		SccNumberOfProjects = 1
		SccEnterpriseProvider = {4CA58AB2-18FA-4F8D-95D4-32DDF27D184C}
		SccTeamFoundationServer = https://errornosignal.visualstudio.com/
		SccProjectUniqueName0 = Reid_Nolan_HW8_[Concordance].vcxproj
		SccProjectName0 = .
		SccAuxPath0 = https://errornosignal.visualstudio.com
		SccLocalPath0 = .
		SccProvider0 = {4CA58AB2-18FA-4F8D-95D4-32DDF27D184C}
	EndGlobalSection
EndGlobal
